{
  "name": "word-error-rate",
  "version": "0.0.8",
  "lockfileVersion": 3,
  "requires": true,
  "packages": {
    "": {
      "name": "word-error-rate",
      "version": "0.0.8",
      "license": "ISC",
      "dependencies": {
        "levenshtein-edit-distance": "^3.0.1",
        "object-hash": "^3.0.0"
      }
    },
    "node_modules/levenshtein-edit-distance": {
      "version": "3.0.1",
      "resolved": "https://registry.npmjs.org/levenshtein-edit-distance/-/levenshtein-edit-distance-3.0.1.tgz",
      "integrity": "sha512-/qMCkZbrAF7jZP/voqlkfNrBtEn0TMdhCK7OEBh/zb39t/c3wCnTjwU1ZvrMfQ3OxB8sBQXIpWRMM6FiQJVG3g==",
      "bin": {
        "levenshtein-edit-distance": "cli.js"
      },
      "funding": {
        "type": "github",
        "url": "https://github.com/sponsors/wooorm"
      }
    },
    "node_modules/object-hash": {
      "version": "3.0.0",
      "resolved": "https://registry.npmjs.org/object-hash/-/object-hash-3.0.0.tgz",
      "integrity": "sha512-RSn9F68PjH9HqtltsSnqYC1XXoWe9Bju5+213R98cNGttag9q9yAOTzdbsqvIa7aNm5WffBZFpWYr2aWrklWAw==",
      "engines": {
        "node": ">= 6"
      }
    }
  }
}
